
Microsoft Visual Studio Solution File, Format Version 12.00
# Visual Studio 15
VisualStudioVersion = 15.0.28307.1169
MinimumVisualStudioVersion = 10.0.40219.1
Project("{FAE04EC0-301F-11D3-BF4B-00C04F79EFBC}") = "ONLINETICARIOTOMASYON", "ONLINETICARIOTOMASYON\ONLINETICARIOTOMASYON.csproj", "{5123EB52-B2F8-41E6-957E-362F6F90B289}"
EndProject
Global
	GlobalSection(SolutionConfigurationPlatforms) = preSolution
		Debug|Any CPU = Debug|Any CPU
		Release|Any CPU = Release|Any CPU
	EndGlobalSection
	GlobalSection(ProjectConfigurationPlatforms) = postSolution
		{5123EB52-B2F8-41E6-957E-362F6F90B289}.Debug|Any CPU.ActiveCfg = Debug|Any CPU
		{5123EB52-B2F8-41E6-957E-362F6F90B289}.Debug|Any CPU.Build.0 = Debug|Any CPU
		{5123EB52-B2F8-41E6-957E-362F6F90B289}.Release|Any CPU.ActiveCfg = Release|Any CPU
		{5123EB52-B2F8-41E6-957E-362F6F90B289}.Release|Any CPU.Build.0 = Release|Any CPU
	EndGlobalSection
	GlobalSection(SolutionProperties) = preSolution
		HideSolutionNode = FALSE
	EndGlobalSection
	GlobalSection(ExtensibilityGlobals) = postSolution
		SolutionGuid = {8FDB3CFA-27DC-4E1B-8BD3-5D749AFF46A6}
	EndGlobalSection
EndGlobal
